// !$*UTF8*$!
{
	archiveVersion = 1;
	classes = {
	};
	objectVersion = 56;
	objects = {

/* Begin PBXBuildFile section */
		CEB7648C2BE3337500F26C25 /* MirrorApp.swift in Sources */ = {isa = PBXBuildFile; fileRef = CEB7648B2BE3337500F26C25 /* MirrorApp.swift */; };
		CEB7648E2BE3337500F26C25 /* ContentView.swift in Sources */ = {isa = PBXBuildFile; fileRef = CEB7648D2BE3337500F26C25 /* ContentView.swift */; };
		CEB764902BE3337600F26C25 /* Assets.xcassets in Resources */ = {isa = PBXBuildFile; fileRef = CEB7648F2BE3337600F26C25 /* Assets.xcassets */; };
		CEB764932BE3337600F26C25 /* Preview Assets.xcassets in Resources */ = {isa = PBXBuildFile; fileRef = CEB764922BE3337600F26C25 /* Preview Assets.xcassets */; };
		CEB7649E2BE335AB00F26C25 /* BeautyProfile.swift in Sources */ = {isa = PBXBuildFile; fileRef = CEB7649D2BE335AB00F26C25 /* BeautyProfile.swift */; };
		CEB764A12BE33CB500F26C25 /* SkincareVM.swift in Sources */ = {isa = PBXBuildFile; fileRef = CEB764A02BE33CB500F26C25 /* SkincareVM.swift */; };
		CEB764A42BE33E2E00F26C25 /* GoogleGenerativeAI in Frameworks */ = {isa = PBXBuildFile; productRef = CEB764A32BE33E2E00F26C25 /* GoogleGenerativeAI */; };
		CEB764AA2BE34FED00F26C25 /* RemoteConfiqService.swift in Sources */ = {isa = PBXBuildFile; fileRef = CEB764A92BE34FED00F26C25 /* RemoteConfiqService.swift */; };
		CEB764AD2BE3502B00F26C25 /* FirebaseRemoteConfig in Frameworks */ = {isa = PBXBuildFile; productRef = CEB764AC2BE3502B00F26C25 /* FirebaseRemoteConfig */; };
		CEB764AF2BE3502B00F26C25 /* FirebaseRemoteConfigSwift in Frameworks */ = {isa = PBXBuildFile; productRef = CEB764AE2BE3502B00F26C25 /* FirebaseRemoteConfigSwift */; };
		CEB764B32BE3579300F26C25 /* Skin.swift in Sources */ = {isa = PBXBuildFile; fileRef = CEB764B22BE3579300F26C25 /* Skin.swift */; };
		CEB764B52BE368EB00F26C25 /* MirrorView.swift in Sources */ = {isa = PBXBuildFile; fileRef = CEB764B42BE368EB00F26C25 /* MirrorView.swift */; };
		CEB764B72BE37A3200F26C25 /* Constant.swift in Sources */ = {isa = PBXBuildFile; fileRef = CEB764B62BE37A3200F26C25 /* Constant.swift */; };
		CEB764B92BE3834700F26C25 /* GoogleService-Info.plist in Resources */ = {isa = PBXBuildFile; fileRef = CEB764B82BE3834700F26C25 /* GoogleService-Info.plist */; };
/* End PBXBuildFile section */

/* Begin PBXFileReference section */
		CEB764882BE3337500F26C25 /* Mirror.app */ = {isa = PBXFileReference; explicitFileType = wrapper.application; includeInIndex = 0; path = Mirror.app; sourceTree = BUILT_PRODUCTS_DIR; };
		CEB7648B2BE3337500F26C25 /* MirrorApp.swift */ = {isa = PBXFileReference; lastKnownFileType = sourcecode.swift; path = MirrorApp.swift; sourceTree = "<group>"; };
		CEB7648D2BE3337500F26C25 /* ContentView.swift */ = {isa = PBXFileReference; lastKnownFileType = sourcecode.swift; path = ContentView.swift; sourceTree = "<group>"; };
		CEB7648F2BE3337600F26C25 /* Assets.xcassets */ = {isa = PBXFileReference; lastKnownFileType = folder.assetcatalog; path = Assets.xcassets; sourceTree = "<group>"; };
		CEB764922BE3337600F26C25 /* Preview Assets.xcassets */ = {isa = PBXFileReference; lastKnownFileType = folder.assetcatalog; path = "Preview Assets.xcassets"; sourceTree = "<group>"; };
		CEB7649D2BE335AB00F26C25 /* BeautyProfile.swift */ = {isa = PBXFileReference; lastKnownFileType = sourcecode.swift; path = BeautyProfile.swift; sourceTree = "<group>"; };
		CEB764A02BE33CB500F26C25 /* SkincareVM.swift */ = {isa = PBXFileReference; lastKnownFileType = sourcecode.swift; path = SkincareVM.swift; sourceTree = "<group>"; };
		CEB764A92BE34FED00F26C25 /* RemoteConfiqService.swift */ = {isa = PBXFileReference; lastKnownFileType = sourcecode.swift; path = RemoteConfiqService.swift; sourceTree = "<group>"; };
		CEB764B22BE3579300F26C25 /* Skin.swift */ = {isa = PBXFileReference; lastKnownFileType = sourcecode.swift; path = Skin.swift; sourceTree = "<group>"; };
		CEB764B42BE368EB00F26C25 /* MirrorView.swift */ = {isa = PBXFileReference; lastKnownFileType = sourcecode.swift; path = MirrorView.swift; sourceTree = "<group>"; };
		CEB764B62BE37A3200F26C25 /* Constant.swift */ = {isa = PBXFileReference; lastKnownFileType = sourcecode.swift; path = Constant.swift; sourceTree = "<group>"; };
		CEB764B82BE3834700F26C25 /* GoogleService-Info.plist */ = {isa = PBXFileReference; fileEncoding = 4; lastKnownFileType = text.plist.xml; path = "GoogleService-Info.plist"; sourceTree = "<group>"; };
/* End PBXFileReference section */

/* Begin PBXFrameworksBuildPhase section */
		CEB764852BE3337500F26C25 /* Frameworks */ = {
			isa = PBXFrameworksBuildPhase;
			buildActionMask = 2147483647;
			files = (
				CEB764AF2BE3502B00F26C25 /* FirebaseRemoteConfigSwift in Frameworks */,
				CEB764A42BE33E2E00F26C25 /* GoogleGenerativeAI in Frameworks */,
				CEB764AD2BE3502B00F26C25 /* FirebaseRemoteConfig in Frameworks */,
			);
			runOnlyForDeploymentPostprocessing = 0;
		};
/* End PBXFrameworksBuildPhase section */

/* Begin PBXGroup section */
		CEB7647F2BE3337500F26C25 = {
			isa = PBXGroup;
			children = (
				CEB7648A2BE3337500F26C25 /* Mirror */,
				CEB764892BE3337500F26C25 /* Products */,
				CEB764AB2BE3502B00F26C25 /* Frameworks */,
			);
			sourceTree = "<group>";
		};
		CEB764892BE3337500F26C25 /* Products */ = {
			isa = PBXGroup;
			children = (
				CEB764882BE3337500F26C25 /* Mirror.app */,
			);
			name = Products;
			sourceTree = "<group>";
		};
		CEB7648A2BE3337500F26C25 /* Mirror */ = {
			isa = PBXGroup;
			children = (
				CEB764B82BE3834700F26C25 /* GoogleService-Info.plist */,
				CEB764A82BE34FDA00F26C25 /* Config */,
				CEB7649F2BE33C8B00F26C25 /* ViewModel */,
				CEB7649C2BE333C000F26C25 /* Model */,
				CEB764992BE333A300F26C25 /* App */,
				CEB7649A2BE333AC00F26C25 /* View */,
				CEB7649B2BE333B300F26C25 /* Resources */,
				CEB764912BE3337600F26C25 /* Preview Content */,
			);
			path = Mirror;
			sourceTree = "<group>";
		};
		CEB764912BE3337600F26C25 /* Preview Content */ = {
			isa = PBXGroup;
			children = (
				CEB764922BE3337600F26C25 /* Preview Assets.xcassets */,
			);
			path = "Preview Content";
			sourceTree = "<group>";
		};
		CEB764992BE333A300F26C25 /* App */ = {
			isa = PBXGroup;
			children = (
				CEB7648B2BE3337500F26C25 /* MirrorApp.swift */,
			);
			path = App;
			sourceTree = "<group>";
		};
		CEB7649A2BE333AC00F26C25 /* View */ = {
			isa = PBXGroup;
			children = (
				CEB7648D2BE3337500F26C25 /* ContentView.swift */,
				CEB764B42BE368EB00F26C25 /* MirrorView.swift */,
			);
			path = View;
			sourceTree = "<group>";
		};
		CEB7649B2BE333B300F26C25 /* Resources */ = {
			isa = PBXGroup;
			children = (
				CEB7648F2BE3337600F26C25 /* Assets.xcassets */,
			);
			path = Resources;
			sourceTree = "<group>";
		};
		CEB7649C2BE333C000F26C25 /* Model */ = {
			isa = PBXGroup;
			children = (
				CEB7649D2BE335AB00F26C25 /* BeautyProfile.swift */,
				CEB764B22BE3579300F26C25 /* Skin.swift */,
				CEB764B62BE37A3200F26C25 /* Constant.swift */,
			);
			path = Model;
			sourceTree = "<group>";
		};
		CEB7649F2BE33C8B00F26C25 /* ViewModel */ = {
			isa = PBXGroup;
			children = (
				CEB764A02BE33CB500F26C25 /* SkincareVM.swift */,
			);
			path = ViewModel;
			sourceTree = "<group>";
		};
		CEB764A82BE34FDA00F26C25 /* Config */ = {
			isa = PBXGroup;
			children = (
				CEB764A92BE34FED00F26C25 /* RemoteConfiqService.swift */,
			);
			path = Config;
			sourceTree = "<group>";
		};
		CEB764AB2BE3502B00F26C25 /* Frameworks */ = {
			isa = PBXGroup;
			children = (
			);
			name = Frameworks;
			sourceTree = "<group>";
		};
/* End PBXGroup section */

/* Begin PBXNativeTarget section */
		CEB764872BE3337500F26C25 /* Mirror */ = {
			isa = PBXNativeTarget;
			buildConfigurationList = CEB764962BE3337600F26C25 /* Build configuration list for PBXNativeTarget "Mirror" */;
			buildPhases = (
				CEB764842BE3337500F26C25 /* Sources */,
				CEB764852BE3337500F26C25 /* Frameworks */,
				CEB764862BE3337500F26C25 /* Resources */,
			);
			buildRules = (
			);
			dependencies = (
			);
			name = Mirror;
			packageProductDependencies = (
				CEB764A32BE33E2E00F26C25 /* GoogleGenerativeAI */,
				CEB764AC2BE3502B00F26C25 /* FirebaseRemoteConfig */,
				CEB764AE2BE3502B00F26C25 /* FirebaseRemoteConfigSwift */,
			);
			productName = Mirror;
			productReference = CEB764882BE3337500F26C25 /* Mirror.app */;
			productType = "com.apple.product-type.application";
		};
/* End PBXNativeTarget section */

/* Begin PBXProject section */
		CEB764802BE3337500F26C25 /* Project object */ = {
			isa = PBXProject;
			attributes = {
				BuildIndependentTargetsInParallel = 1;
				LastSwiftUpdateCheck = 1530;
				LastUpgradeCheck = 1530;
				TargetAttributes = {
					CEB764872BE3337500F26C25 = {
						CreatedOnToolsVersion = 15.3;
					};
				};
			};
			buildConfigurationList = CEB764832BE3337500F26C25 /* Build configuration list for PBXProject "Mirror" */;
			compatibilityVersion = "Xcode 14.0";
			developmentRegion = en;
			hasScannedForEncodings = 0;
			knownRegions = (
				en,
				Base,
			);
			mainGroup = CEB7647F2BE3337500F26C25;
			packageReferences = (
				CEB764A22BE33E2E00F26C25 /* XCRemoteSwiftPackageReference "generative-ai-swift" */,
				CEB764A72BE34FBA00F26C25 /* XCRemoteSwiftPackageReference "firebase-ios-sdk" */,
			);
			productRefGroup = CEB764892BE3337500F26C25 /* Products */;
			projectDirPath = "";
			projectRoot = "";
			targets = (
				CEB764872BE3337500F26C25 /* Mirror */,
			);
		};
/* End PBXProject section */

/* Begin PBXResourcesBuildPhase section */
		CEB764862BE3337500F26C25 /* Resources */ = {
			isa = PBXResourcesBuildPhase;
			buildActionMask = 2147483647;
			files = (
				CEB764932BE3337600F26C25 /* Preview Assets.xcassets in Resources */,
				CEB764902BE3337600F26C25 /* Assets.xcassets in Resources */,
				CEB764B92BE3834700F26C25 /* GoogleService-Info.plist in Resources */,
			);
			runOnlyForDeploymentPostprocessing = 0;
		};
/* End PBXResourcesBuildPhase section */

/* Begin PBXSourcesBuildPhase section */
		CEB764842BE3337500F26C25 /* Sources */ = {
			isa = PBXSourcesBuildPhase;
			buildActionMask = 2147483647;
			files = (
				CEB7648E2BE3337500F26C25 /* ContentView.swift in Sources */,
				CEB764B32BE3579300F26C25 /* Skin.swift in Sources */,
				CEB764AA2BE34FED00F26C25 /* RemoteConfiqService.swift in Sources */,
				CEB764B72BE37A3200F26C25 /* Constant.swift in Sources */,
				CEB7648C2BE3337500F26C25 /* MirrorApp.swift in Sources */,
				CEB764A12BE33CB500F26C25 /* SkincareVM.swift in Sources */,
				CEB7649E2BE335AB00F26C25 /* BeautyProfile.swift in Sources */,
				CEB764B52BE368EB00F26C25 /* MirrorView.swift in Sources */,
			);
			runOnlyForDeploymentPostprocessing = 0;
		};
/* End PBXSourcesBuildPhase section */

/* Begin XCBuildConfiguration section */
		CEB764942BE3337600F26C25 /* Debug */ = {
			isa = XCBuildConfiguration;
			buildSettings = {
				ALWAYS_SEARCH_USER_PATHS = NO;
				ASSETCATALOG_COMPILER_GENERATE_SWIFT_ASSET_SYMBOL_EXTENSIONS = YES;
				CLANG_ANALYZER_NONNULL = YES;
				CLANG_ANALYZER_NUMBER_OBJECT_CONVERSION = YES_AGGRESSIVE;
				CLANG_CXX_LANGUAGE_STANDARD = "gnu++20";
				CLANG_ENABLE_MODULES = YES;
				CLANG_ENABLE_OBJC_ARC = YES;
				CLANG_ENABLE_OBJC_WEAK = YES;
				CLANG_WARN_BLOCK_CAPTURE_AUTORELEASING = YES;
				CLANG_WARN_BOOL_CONVERSION = YES;
				CLANG_WARN_COMMA = YES;
				CLANG_WARN_CONSTANT_CONVERSION = YES;
				CLANG_WARN_DEPRECATED_OBJC_IMPLEMENTATIONS = YES;
				CLANG_WARN_DIRECT_OBJC_ISA_USAGE = YES_ERROR;
				CLANG_WARN_DOCUMENTATION_COMMENTS = YES;
				CLANG_WARN_EMPTY_BODY = YES;
				CLANG_WARN_ENUM_CONVERSION = YES;
				CLANG_WARN_INFINITE_RECURSION = YES;
				CLANG_WARN_INT_CONVERSION = YES;
				CLANG_WARN_NON_LITERAL_NULL_CONVERSION = YES;
				CLANG_WARN_OBJC_IMPLICIT_RETAIN_SELF = YES;
				CLANG_WARN_OBJC_LITERAL_CONVERSION = YES;
				CLANG_WARN_OBJC_ROOT_CLASS = YES_ERROR;
				CLANG_WARN_QUOTED_INCLUDE_IN_FRAMEWORK_HEADER = YES;
				CLANG_WARN_RANGE_LOOP_ANALYSIS = YES;
				CLANG_WARN_STRICT_PROTOTYPES = YES;
				CLANG_WARN_SUSPICIOUS_MOVE = YES;
				CLANG_WARN_UNGUARDED_AVAILABILITY = YES_AGGRESSIVE;
				CLANG_WARN_UNREACHABLE_CODE = YES;
				CLANG_WARN__DUPLICATE_METHOD_MATCH = YES;
				COPY_PHASE_STRIP = NO;
				DEBUG_INFORMATION_FORMAT = dwarf;
				ENABLE_STRICT_OBJC_MSGSEND = YES;
				ENABLE_TESTABILITY = YES;
				ENABLE_USER_SCRIPT_SANDBOXING = YES;
				GCC_C_LANGUAGE_STANDARD = gnu17;
				GCC_DYNAMIC_NO_PIC = NO;
				GCC_NO_COMMON_BLOCKS = YES;
				GCC_OPTIMIZATION_LEVEL = 0;
				GCC_PREPROCESSOR_DEFINITIONS = (
					"DEBUG=1",
					"$(inherited)",
				);
				GCC_WARN_64_TO_32_BIT_CONVERSION = YES;
				GCC_WARN_ABOUT_RETURN_TYPE = YES_ERROR;
				GCC_WARN_UNDECLARED_SELECTOR = YES;
				GCC_WARN_UNINITIALIZED_AUTOS = YES_AGGRESSIVE;
				GCC_WARN_UNUSED_FUNCTION = YES;
				GCC_WARN_UNUSED_VARIABLE = YES;
				IPHONEOS_DEPLOYMENT_TARGET = 17.4;
				LOCALIZATION_PREFERS_STRING_CATALOGS = YES;
				MTL_ENABLE_DEBUG_INFO = INCLUDE_SOURCE;
				MTL_FAST_MATH = YES;
				ONLY_ACTIVE_ARCH = YES;
				SDKROOT = iphoneos;
				SWIFT_ACTIVE_COMPILATION_CONDITIONS = "DEBUG $(inherited)";
				SWIFT_OPTIMIZATION_LEVEL = "-Onone";
			};
			name = Debug;
		};
		CEB764952BE3337600F26C25 /* Release */ = {
			isa = XCBuildConfiguration;
			buildSettings = {
				ALWAYS_SEARCH_USER_PATHS = NO;
				ASSETCATALOG_COMPILER_GENERATE_SWIFT_ASSET_SYMBOL_EXTENSIONS = YES;
				CLANG_ANALYZER_NONNULL = YES;
				CLANG_ANALYZER_NUMBER_OBJECT_CONVERSION = YES_AGGRESSIVE;
				CLANG_CXX_LANGUAGE_STANDARD = "gnu++20";
				CLANG_ENABLE_MODULES = YES;
				CLANG_ENABLE_OBJC_ARC = YES;
				CLANG_ENABLE_OBJC_WEAK = YES;
				CLANG_WARN_BLOCK_CAPTURE_AUTORELEASING = YES;
				CLANG_WARN_BOOL_CONVERSION = YES;
				CLANG_WARN_COMMA = YES;
				CLANG_WARN_CONSTANT_CONVERSION = YES;
				CLANG_WARN_DEPRECATED_OBJC_IMPLEMENTATIONS = YES;
				CLANG_WARN_DIRECT_OBJC_ISA_USAGE = YES_ERROR;
				CLANG_WARN_DOCUMENTATION_COMMENTS = YES;
				CLANG_WARN_EMPTY_BODY = YES;
				CLANG_WARN_ENUM_CONVERSION = YES;
				CLANG_WARN_INFINITE_RECURSION = YES;
				CLANG_WARN_INT_CONVERSION = YES;
				CLANG_WARN_NON_LITERAL_NULL_CONVERSION = YES;
				CLANG_WARN_OBJC_IMPLICIT_RETAIN_SELF = YES;
				CLANG_WARN_OBJC_LITERAL_CONVERSION = YES;
				CLANG_WARN_OBJC_ROOT_CLASS = YES_ERROR;
				CLANG_WARN_QUOTED_INCLUDE_IN_FRAMEWORK_HEADER = YES;
				CLANG_WARN_RANGE_LOOP_ANALYSIS = YES;
				CLANG_WARN_STRICT_PROTOTYPES = YES;
				CLANG_WARN_SUSPICIOUS_MOVE = YES;
				CLANG_WARN_UNGUARDED_AVAILABILITY = YES_AGGRESSIVE;
				CLANG_WARN_UNREACHABLE_CODE = YES;
				CLANG_WARN__DUPLICATE_METHOD_MATCH = YES;
				COPY_PHASE_STRIP = NO;
				DEBUG_INFORMATION_FORMAT = "dwarf-with-dsym";
				ENABLE_NS_ASSERTIONS = NO;
				ENABLE_STRICT_OBJC_MSGSEND = YES;
				ENABLE_USER_SCRIPT_SANDBOXING = YES;
				GCC_C_LANGUAGE_STANDARD = gnu17;
				GCC_NO_COMMON_BLOCKS = YES;
				GCC_WARN_64_TO_32_BIT_CONVERSION = YES;
				GCC_WARN_ABOUT_RETURN_TYPE = YES_ERROR;
				GCC_WARN_UNDECLARED_SELECTOR = YES;
				GCC_WARN_UNINITIALIZED_AUTOS = YES_AGGRESSIVE;
				GCC_WARN_UNUSED_FUNCTION = YES;
				GCC_WARN_UNUSED_VARIABLE = YES;
				IPHONEOS_DEPLOYMENT_TARGET = 17.4;
				LOCALIZATION_PREFERS_STRING_CATALOGS = YES;
				MTL_ENABLE_DEBUG_INFO = NO;
				MTL_FAST_MATH = YES;
				SDKROOT = iphoneos;
				SWIFT_COMPILATION_MODE = wholemodule;
				VALIDATE_PRODUCT = YES;
			};
			name = Release;
		};
		CEB764972BE3337600F26C25 /* Debug */ = {
			isa = XCBuildConfiguration;
			buildSettings = {
				ASSETCATALOG_COMPILER_APPICON_NAME = AppIcon;
				ASSETCATALOG_COMPILER_GLOBAL_ACCENT_COLOR_NAME = AccentColor;
				CODE_SIGN_STYLE = Automatic;
				CURRENT_PROJECT_VERSION = 1;
				DEVELOPMENT_ASSET_PATHS = "\"Mirror/Preview Content\"";
				ENABLE_PREVIEWS = YES;
				GENERATE_INFOPLIST_FILE = YES;
				INFOPLIST_KEY_UIApplicationSceneManifest_Generation = YES;
				INFOPLIST_KEY_UIApplicationSupportsIndirectInputEvents = YES;
				INFOPLIST_KEY_UILaunchScreen_Generation = YES;
				INFOPLIST_KEY_UISupportedInterfaceOrientations_iPad = "UIInterfaceOrientationPortrait UIInterfaceOrientationPortraitUpsideDown UIInterfaceOrientationLandscapeLeft UIInterfaceOrientationLandscapeRight";
				INFOPLIST_KEY_UISupportedInterfaceOrientations_iPhone = "UIInterfaceOrientationPortrait UIInterfaceOrientationLandscapeLeft UIInterfaceOrientationLandscapeRight";
				LD_RUNPATH_SEARCH_PATHS = (
					"$(inherited)",
					"@executable_path/Frameworks",
				);
				MARKETING_VERSION = 1.0;
				PRODUCT_BUNDLE_IDENTIFIER = com.mayna.Mirror;
				PRODUCT_NAME = "$(TARGET_NAME)";
				SWIFT_EMIT_LOC_STRINGS = YES;
				SWIFT_VERSION = 5.0;
				TARGETED_DEVICE_FAMILY = "1,2";
			};
			name = Debug;
		};
		CEB764982BE3337600F26C25 /* Release */ = {
			isa = XCBuildConfiguration;
			buildSettings = {
				ASSETCATALOG_COMPILER_APPICON_NAME = AppIcon;
				ASSETCATALOG_COMPILER_GLOBAL_ACCENT_COLOR_NAME = AccentColor;
				CODE_SIGN_STYLE = Automatic;
				CURRENT_PROJECT_VERSION = 1;
				DEVELOPMENT_ASSET_PATHS = "\"Mirror/Preview Content\"";
				ENABLE_PREVIEWS = YES;
				GENERATE_INFOPLIST_FILE = YES;
				INFOPLIST_KEY_UIApplicationSceneManifest_Generation = YES;
				INFOPLIST_KEY_UIApplicationSupportsIndirectInputEvents = YES;
				INFOPLIST_KEY_UILaunchScreen_Generation = YES;
				INFOPLIST_KEY_UISupportedInterfaceOrientations_iPad = "UIInterfaceOrientationPortrait UIInterfaceOrientationPortraitUpsideDown UIInterfaceOrientationLandscapeLeft UIInterfaceOrientationLandscapeRight";
				INFOPLIST_KEY_UISupportedInterfaceOrientations_iPhone = "UIInterfaceOrientationPortrait UIInterfaceOrientationLandscapeLeft UIInterfaceOrientationLandscapeRight";
				LD_RUNPATH_SEARCH_PATHS = (
					"$(inherited)",
					"@executable_path/Frameworks",
				);
				MARKETING_VERSION = 1.0;
				PRODUCT_BUNDLE_IDENTIFIER = com.mayna.Mirror;
				PRODUCT_NAME = "$(TARGET_NAME)";
				SWIFT_EMIT_LOC_STRINGS = YES;
				SWIFT_VERSION = 5.0;
				TARGETED_DEVICE_FAMILY = "1,2";
			};
			name = Release;
		};
/* End XCBuildConfiguration section */

/* Begin XCConfigurationList section */
		CEB764832BE3337500F26C25 /* Build configuration list for PBXProject "Mirror" */ = {
			isa = XCConfigurationList;
			buildConfigurations = (
				CEB764942BE3337600F26C25 /* Debug */,
				CEB764952BE3337600F26C25 /* Release */,
			);
			defaultConfigurationIsVisible = 0;
			defaultConfigurationName = Release;
		};
		CEB764962BE3337600F26C25 /* Build configuration list for PBXNativeTarget "Mirror" */ = {
			isa = XCConfigurationList;
			buildConfigurations = (
				CEB764972BE3337600F26C25 /* Debug */,
				CEB764982BE3337600F26C25 /* Release */,
			);
			defaultConfigurationIsVisible = 0;
			defaultConfigurationName = Release;
		};
/* End XCConfigurationList section */

/* Begin XCRemoteSwiftPackageReference section */
		CEB764A22BE33E2E00F26C25 /* XCRemoteSwiftPackageReference "generative-ai-swift" */ = {
			isa = XCRemoteSwiftPackageReference;
			repositoryURL = "https://github.com/google-gemini/generative-ai-swift.git";
			requirement = {
				kind = upToNextMajorVersion;
				minimumVersion = 0.5.1;
			};
		};
		CEB764A72BE34FBA00F26C25 /* XCRemoteSwiftPackageReference "firebase-ios-sdk" */ = {
			isa = XCRemoteSwiftPackageReference;
			repositoryURL = "https://github.com/firebase/firebase-ios-sdk.git";
			requirement = {
				kind = upToNextMajorVersion;
				minimumVersion = 10.25.0;
			};
		};
/* End XCRemoteSwiftPackageReference section */

/* Begin XCSwiftPackageProductDependency section */
		CEB764A32BE33E2E00F26C25 /* GoogleGenerativeAI */ = {
			isa = XCSwiftPackageProductDependency;
			package = CEB764A22BE33E2E00F26C25 /* XCRemoteSwiftPackageReference "generative-ai-swift" */;
			productName = GoogleGenerativeAI;
		};
		CEB764AC2BE3502B00F26C25 /* FirebaseRemoteConfig */ = {
			isa = XCSwiftPackageProductDependency;
			package = CEB764A72BE34FBA00F26C25 /* XCRemoteSwiftPackageReference "firebase-ios-sdk" */;
			productName = FirebaseRemoteConfig;
		};
		CEB764AE2BE3502B00F26C25 /* FirebaseRemoteConfigSwift */ = {
			isa = XCSwiftPackageProductDependency;
			package = CEB764A72BE34FBA00F26C25 /* XCRemoteSwiftPackageReference "firebase-ios-sdk" */;
			productName = FirebaseRemoteConfigSwift;
		};
/* End XCSwiftPackageProductDependency section */
	};
	rootObject = CEB764802BE3337500F26C25 /* Project object */;
}
